
Microsoft Visual Studio Solution File, Format Version 12.00
# Visual Studio Version 16
VisualStudioVersion = 16.0.31729.503
MinimumVisualStudioVersion = 10.0.40219.1
Project("{FAE04EC0-301F-11D3-BF4B-00C04F79EFBC}") = "less-7", "less-7\less-7.csproj", "{0CC88729-5CF9-43DA-B56E-E537CA2AB02C}"
EndProject
Global
	GlobalSection(SolutionConfigurationPlatforms) = preSolution
		Debug|Any CPU = Debug|Any CPU
		Release|Any CPU = Release|Any CPU
	EndGlobalSection
	GlobalSection(ProjectConfigurationPlatforms) = postSolution
		{0CC88729-5CF9-43DA-B56E-E537CA2AB02C}.Debug|Any CPU.ActiveCfg = Debug|Any CPU
		{0CC88729-5CF9-43DA-B56E-E537CA2AB02C}.Debug|Any CPU.Build.0 = Debug|Any CPU
		{0CC88729-5CF9-43DA-B56E-E537CA2AB02C}.Release|Any CPU.ActiveCfg = Release|Any CPU
		{0CC88729-5CF9-43DA-B56E-E537CA2AB02C}.Release|Any CPU.Build.0 = Release|Any CPU
	EndGlobalSection
	GlobalSection(SolutionProperties) = preSolution
		HideSolutionNode = FALSE
	EndGlobalSection
	GlobalSection(ExtensibilityGlobals) = postSolution
		SolutionGuid = {C9ED10B8-F378-444B-A278-B1FC2BE6299D}
	EndGlobalSection
EndGlobal
